
Microsoft Visual Studio Solution File, Format Version 12.00
# Visual Studio Version 17
VisualStudioVersion = 17.8.34330.188
MinimumVisualStudioVersion = 10.0.40219.1
Project("{FAE04EC0-301F-11D3-BF4B-00C04F79EFBC}") = "DatabaseApp", "DatabaseApp.csproj", "{520CAF8E-73FB-4404-A999-99AF7ABDFD72}"
EndProject
Global
	GlobalSection(SolutionConfigurationPlatforms) = preSolution
		Debug|Any CPU = Debug|Any CPU
		Release|Any CPU = Release|Any CPU
	EndGlobalSection
	GlobalSection(ProjectConfigurationPlatforms) = postSolution
		{520CAF8E-73FB-4404-A999-99AF7ABDFD72}.Debug|Any CPU.ActiveCfg = Debug|Any CPU
		{520CAF8E-73FB-4404-A999-99AF7ABDFD72}.Debug|Any CPU.Build.0 = Debug|Any CPU
		{520CAF8E-73FB-4404-A999-99AF7ABDFD72}.Release|Any CPU.ActiveCfg = Release|Any CPU
		{520CAF8E-73FB-4404-A999-99AF7ABDFD72}.Release|Any CPU.Build.0 = Release|Any CPU
	EndGlobalSection
	GlobalSection(SolutionProperties) = preSolution
		HideSolutionNode = FALSE
	EndGlobalSection
	GlobalSection(ExtensibilityGlobals) = postSolution
		SolutionGuid = {86B75C1E-D758-4C54-8A43-27CB97ABEDF5}
	EndGlobalSection
EndGlobal
